
Microsoft Visual Studio Solution File, Format Version 12.00
# Visual Studio Version 17
VisualStudioVersion = 17.14.36616.10 d17.14
MinimumVisualStudioVersion = 10.0.40219.1
Project("{FAE04EC0-301F-11D3-BF4B-00C04F79EFBC}") = "L2App", "TestProject\L2App.csproj", "{B97E9BD5-466C-4A4C-9D10-D14A0246E8C7}"
EndProject
Project("{FAE04EC0-301F-11D3-BF4B-00C04F79EFBC}") = "WebView", "WebView\WebView.csproj", "{A8BA0139-9173-4B30-9E2A-84FB54BFA9DE}"
EndProject
Project("{FAE04EC0-301F-11D3-BF4B-00C04F79EFBC}") = "MasterApp", "MasterApp\MasterApp.csproj", "{C1D2E3F4-5678-90AB-CDEF-1234567890AB}"
EndProject
Project("{FAE04EC0-301F-11D3-BF4B-00C04F79EFBC}") = "CameraClient", "CameraClient\CameraClient.csproj", "{D2E3F4A5-6789-01BC-DEF0-234567890ABC}"
EndProject
Global
	GlobalSection(SolutionConfigurationPlatforms) = preSolution
		Debug|Any CPU = Debug|Any CPU
		Release|Any CPU = Release|Any CPU
	EndGlobalSection
	GlobalSection(ProjectConfigurationPlatforms) = postSolution
		{B97E9BD5-466C-4A4C-9D10-D14A0246E8C7}.Debug|Any CPU.ActiveCfg = Debug|Any CPU
		{B97E9BD5-466C-4A4C-9D10-D14A0246E8C7}.Debug|Any CPU.Build.0 = Debug|Any CPU
		{B97E9BD5-466C-4A4C-9D10-D14A0246E8C7}.Release|Any CPU.ActiveCfg = Release|Any CPU
		{B97E9BD5-466C-4A4C-9D10-D14A0246E8C7}.Release|Any CPU.Build.0 = Release|Any CPU
		{A8BA0139-9173-4B30-9E2A-84FB54BFA9DE}.Debug|Any CPU.ActiveCfg = Debug|Any CPU
		{A8BA0139-9173-4B30-9E2A-84FB54BFA9DE}.Debug|Any CPU.Build.0 = Debug|Any CPU
		{A8BA0139-9173-4B30-9E2A-84FB54BFA9DE}.Release|Any CPU.ActiveCfg = Release|Any CPU
		{A8BA0139-9173-4B30-9E2A-84FB54BFA9DE}.Release|Any CPU.Build.0 = Release|Any CPU
		{C1D2E3F4-5678-90AB-CDEF-1234567890AB}.Debug|Any CPU.ActiveCfg = Debug|Any CPU
		{C1D2E3F4-5678-90AB-CDEF-1234567890AB}.Debug|Any CPU.Build.0 = Debug|Any CPU
		{C1D2E3F4-5678-90AB-CDEF-1234567890AB}.Release|Any CPU.ActiveCfg = Release|Any CPU
		{C1D2E3F4-5678-90AB-CDEF-1234567890AB}.Release|Any CPU.Build.0 = Release|Any CPU
		{D2E3F4A5-6789-01BC-DEF0-234567890ABC}.Debug|Any CPU.ActiveCfg = Debug|Any CPU
		{D2E3F4A5-6789-01BC-DEF0-234567890ABC}.Debug|Any CPU.Build.0 = Debug|Any CPU
		{D2E3F4A5-6789-01BC-DEF0-234567890ABC}.Release|Any CPU.ActiveCfg = Release|Any CPU
		{D2E3F4A5-6789-01BC-DEF0-234567890ABC}.Release|Any CPU.Build.0 = Release|Any CPU
	EndGlobalSection
	GlobalSection(SolutionProperties) = preSolution
		HideSolutionNode = FALSE
	EndGlobalSection
	GlobalSection(ExtensibilityGlobals) = postSolution
		SolutionGuid = {7FDA58D6-D1D8-4D63-B07F-F5109BA2CD0A}
	EndGlobalSection
EndGlobal
